
Microsoft Visual Studio Solution File, Format Version 12.00
# Visual Studio Version 17
VisualStudioVersion = 17.11.35312.102
MinimumVisualStudioVersion = 10.0.40219.1
Project("{FAE04EC0-301F-11D3-BF4B-00C04F79EFBC}") = "NC-Safari", "NC-Safari.csproj", "{4DDD9278-158B-4620-BFEC-F3C1E32B0EE3}"
EndProject
Global
	GlobalSection(SolutionConfigurationPlatforms) = preSolution
		Debug|Any CPU = Debug|Any CPU
		Release|Any CPU = Release|Any CPU
	EndGlobalSection
	GlobalSection(ProjectConfigurationPlatforms) = postSolution
		{4DDD9278-158B-4620-BFEC-F3C1E32B0EE3}.Debug|Any CPU.ActiveCfg = Debug|Any CPU
		{4DDD9278-158B-4620-BFEC-F3C1E32B0EE3}.Debug|Any CPU.Build.0 = Debug|Any CPU
		{4DDD9278-158B-4620-BFEC-F3C1E32B0EE3}.Release|Any CPU.ActiveCfg = Release|Any CPU
		{4DDD9278-158B-4620-BFEC-F3C1E32B0EE3}.Release|Any CPU.Build.0 = Release|Any CPU
	EndGlobalSection
	GlobalSection(SolutionProperties) = preSolution
		HideSolutionNode = FALSE
	EndGlobalSection
	GlobalSection(ExtensibilityGlobals) = postSolution
		SolutionGuid = {0FC88894-8F71-4289-8F6C-D56F7264541F}
	EndGlobalSection
EndGlobal
